// !$*UTF8*$!
{
	archiveVersion = 1;
	classes = {
	};
	objectVersion = 56;
	objects = {

/* Begin PBXBuildFile section */
		8407EA192993FBFB005DC779 /* Carpet.swift in Sources */ = {isa = PBXBuildFile; fileRef = 8407EA182993FBFB005DC779 /* Carpet.swift */; };
		8407EA1B2993FC11005DC779 /* CarpetViewModel.swift in Sources */ = {isa = PBXBuildFile; fileRef = 8407EA1A2993FC11005DC779 /* CarpetViewModel.swift */; };
		8430D48A29A67629004A80C6 /* Deck.swift in Sources */ = {isa = PBXBuildFile; fileRef = 8430D48929A67629004A80C6 /* Deck.swift */; };
		8430D48C29A67735004A80C6 /* DefautUser.swift in Sources */ = {isa = PBXBuildFile; fileRef = 8430D48B29A67735004A80C6 /* DefautUser.swift */; };
		8433108729AFAE9500179C59 /* VariableGlobal.swift in Sources */ = {isa = PBXBuildFile; fileRef = 8433108629AFAE9500179C59 /* VariableGlobal.swift */; };
		8444D2762993E58000854E69 /* CarpetViewController.swift in Sources */ = {isa = PBXBuildFile; fileRef = 8444D2742993E58000854E69 /* CarpetViewController.swift */; };
		8444D27F2993EE6400854E69 /* Assets.xcassets in Resources */ = {isa = PBXBuildFile; fileRef = 848FC3CA2966FE8C00329815 /* Assets.xcassets */; };
		8444D2802993EE6400854E69 /* LaunchScreen.storyboard in Resources */ = {isa = PBXBuildFile; fileRef = 848FC3CC2966FE8C00329815 /* LaunchScreen.storyboard */; };
		8448CD4029A3CA4200EB6EF7 /* DeckServiceProtocol.swift in Sources */ = {isa = PBXBuildFile; fileRef = 8448CD3F29A3CA4200EB6EF7 /* DeckServiceProtocol.swift */; };
		8448CD4429A3CF8E00EB6EF7 /* CarpetCell.swift in Sources */ = {isa = PBXBuildFile; fileRef = 8448CD4229A3CF8E00EB6EF7 /* CarpetCell.swift */; };
		8448CD4529A3CF8E00EB6EF7 /* CarpetCell.xib in Resources */ = {isa = PBXBuildFile; fileRef = 8448CD4329A3CF8E00EB6EF7 /* CarpetCell.xib */; };
		844BD7E12993F19700D597FD /* Main.storyboard in Resources */ = {isa = PBXBuildFile; fileRef = 844BD7DF2993F19700D597FD /* Main.storyboard */; };
		848FC3BF2966FE8B00329815 /* AppDelegate.swift in Sources */ = {isa = PBXBuildFile; fileRef = 848FC3BE2966FE8B00329815 /* AppDelegate.swift */; };
		848FC3C12966FE8B00329815 /* SceneDelegate.swift in Sources */ = {isa = PBXBuildFile; fileRef = 848FC3C02966FE8B00329815 /* SceneDelegate.swift */; };
		848FC3C92966FE8B00329815 /* PokerGame.xcdatamodeld in Sources */ = {isa = PBXBuildFile; fileRef = 848FC3C72966FE8B00329815 /* PokerGame.xcdatamodeld */; };
		848FC3D92966FE8C00329815 /* PokerGameTests.swift in Sources */ = {isa = PBXBuildFile; fileRef = 848FC3D82966FE8C00329815 /* PokerGameTests.swift */; };
		848FC3E32966FE8C00329815 /* PokerGameUITests.swift in Sources */ = {isa = PBXBuildFile; fileRef = 848FC3E22966FE8C00329815 /* PokerGameUITests.swift */; };
		848FC3E52966FE8C00329815 /* PokerGameUITestsLaunchTests.swift in Sources */ = {isa = PBXBuildFile; fileRef = 848FC3E42966FE8C00329815 /* PokerGameUITestsLaunchTests.swift */; };
		848FC3F9296704DC00329815 /* Pack.swift in Sources */ = {isa = PBXBuildFile; fileRef = 848FC3F8296704DC00329815 /* Pack.swift */; };
		848FC40B296705AF00329815 /* ApiDeckCard.swift in Sources */ = {isa = PBXBuildFile; fileRef = 848FC40A296705AF00329815 /* ApiDeckCard.swift */; };
		84AF934A29ACEC6D009987EA /* FirebaseAnalytics in Frameworks */ = {isa = PBXBuildFile; productRef = 84AF934929ACEC6D009987EA /* FirebaseAnalytics */; };
		84AF934C29ACEC6D009987EA /* FirebaseAnalyticsSwift in Frameworks */ = {isa = PBXBuildFile; productRef = 84AF934B29ACEC6D009987EA /* FirebaseAnalyticsSwift */; };
		84AF934E29ACEC6D009987EA /* FirebaseDatabase in Frameworks */ = {isa = PBXBuildFile; productRef = 84AF934D29ACEC6D009987EA /* FirebaseDatabase */; };
		84AF935029ACEC6D009987EA /* FirebaseDatabaseSwift in Frameworks */ = {isa = PBXBuildFile; productRef = 84AF934F29ACEC6D009987EA /* FirebaseDatabaseSwift */; };
		84AF935529ACF875009987EA /* GoogleService-Info.plist in Resources */ = {isa = PBXBuildFile; fileRef = 84AF935429ACF874009987EA /* GoogleService-Info.plist */; };
		84B57D5C2969D13900198B90 /* HttpRequestHelper.swift in Sources */ = {isa = PBXBuildFile; fileRef = 84B57D5B2969D13900198B90 /* HttpRequestHelper.swift */; };
		84C092D82996581500126807 /* Tools.swift in Sources */ = {isa = PBXBuildFile; fileRef = 84C092D72996581500126807 /* Tools.swift */; };
/* End PBXBuildFile section */

/* Begin PBXContainerItemProxy section */
		848FC3D52966FE8C00329815 /* PBXContainerItemProxy */ = {
			isa = PBXContainerItemProxy;
			containerPortal = 848FC3B32966FE8B00329815 /* Project object */;
			proxyType = 1;
			remoteGlobalIDString = 848FC3BA2966FE8B00329815;
			remoteInfo = PokerGame;
		};
		848FC3DF2966FE8C00329815 /* PBXContainerItemProxy */ = {
			isa = PBXContainerItemProxy;
			containerPortal = 848FC3B32966FE8B00329815 /* Project object */;
			proxyType = 1;
			remoteGlobalIDString = 848FC3BA2966FE8B00329815;
			remoteInfo = PokerGame;
		};
/* End PBXContainerItemProxy section */

/* Begin PBXFileReference section */
		8407EA182993FBFB005DC779 /* Carpet.swift */ = {isa = PBXFileReference; lastKnownFileType = sourcecode.swift; path = Carpet.swift; sourceTree = "<group>"; };
		8407EA1A2993FC11005DC779 /* CarpetViewModel.swift */ = {isa = PBXFileReference; lastKnownFileType = sourcecode.swift; path = CarpetViewModel.swift; sourceTree = "<group>"; };
		8430D48929A67629004A80C6 /* Deck.swift */ = {isa = PBXFileReference; lastKnownFileType = sourcecode.swift; path = Deck.swift; sourceTree = "<group>"; };
		8430D48B29A67735004A80C6 /* DefautUser.swift */ = {isa = PBXFileReference; lastKnownFileType = sourcecode.swift; path = DefautUser.swift; sourceTree = "<group>"; };
		8433108629AFAE9500179C59 /* VariableGlobal.swift */ = {isa = PBXFileReference; fileEncoding = 4; lastKnownFileType = sourcecode.swift; path = VariableGlobal.swift; sourceTree = "<group>"; };
		8444D2742993E58000854E69 /* CarpetViewController.swift */ = {isa = PBXFileReference; lastKnownFileType = sourcecode.swift; path = CarpetViewController.swift; sourceTree = "<group>"; };
		8448CD3F29A3CA4200EB6EF7 /* DeckServiceProtocol.swift */ = {isa = PBXFileReference; lastKnownFileType = sourcecode.swift; path = DeckServiceProtocol.swift; sourceTree = "<group>"; };
		8448CD4229A3CF8E00EB6EF7 /* CarpetCell.swift */ = {isa = PBXFileReference; lastKnownFileType = sourcecode.swift; path = CarpetCell.swift; sourceTree = "<group>"; };
		8448CD4329A3CF8E00EB6EF7 /* CarpetCell.xib */ = {isa = PBXFileReference; lastKnownFileType = file.xib; path = CarpetCell.xib; sourceTree = "<group>"; };
		844BD7E02993F19700D597FD /* Base */ = {isa = PBXFileReference; lastKnownFileType = file.storyboard; name = Base; path = PokerGame/Base.lproj/Main.storyboard; sourceTree = "<group>"; };
		848FC3BB2966FE8B00329815 /* PokerGame.app */ = {isa = PBXFileReference; explicitFileType = wrapper.application; includeInIndex = 0; path = PokerGame.app; sourceTree = BUILT_PRODUCTS_DIR; };
		848FC3BE2966FE8B00329815 /* AppDelegate.swift */ = {isa = PBXFileReference; lastKnownFileType = sourcecode.swift; path = AppDelegate.swift; sourceTree = "<group>"; };
		848FC3C02966FE8B00329815 /* SceneDelegate.swift */ = {isa = PBXFileReference; lastKnownFileType = sourcecode.swift; path = SceneDelegate.swift; sourceTree = "<group>"; };
		848FC3C82966FE8B00329815 /* PokerGame.xcdatamodel */ = {isa = PBXFileReference; lastKnownFileType = wrapper.xcdatamodel; path = PokerGame.xcdatamodel; sourceTree = "<group>"; };
		848FC3CA2966FE8C00329815 /* Assets.xcassets */ = {isa = PBXFileReference; lastKnownFileType = folder.assetcatalog; path = Assets.xcassets; sourceTree = "<group>"; };
		848FC3CD2966FE8C00329815 /* Base */ = {isa = PBXFileReference; lastKnownFileType = file.storyboard; name = Base; path = Base.lproj/LaunchScreen.storyboard; sourceTree = "<group>"; };
		848FC3CF2966FE8C00329815 /* Info.plist */ = {isa = PBXFileReference; lastKnownFileType = text.plist.xml; path = Info.plist; sourceTree = "<group>"; };
		848FC3D42966FE8C00329815 /* PokerGameTests.xctest */ = {isa = PBXFileReference; explicitFileType = wrapper.cfbundle; includeInIndex = 0; path = PokerGameTests.xctest; sourceTree = BUILT_PRODUCTS_DIR; };
		848FC3D82966FE8C00329815 /* PokerGameTests.swift */ = {isa = PBXFileReference; lastKnownFileType = sourcecode.swift; path = PokerGameTests.swift; sourceTree = "<group>"; };
		848FC3DE2966FE8C00329815 /* PokerGameUITests.xctest */ = {isa = PBXFileReference; explicitFileType = wrapper.cfbundle; includeInIndex = 0; path = PokerGameUITests.xctest; sourceTree = BUILT_PRODUCTS_DIR; };
		848FC3E22966FE8C00329815 /* PokerGameUITests.swift */ = {isa = PBXFileReference; lastKnownFileType = sourcecode.swift; path = PokerGameUITests.swift; sourceTree = "<group>"; };
		848FC3E42966FE8C00329815 /* PokerGameUITestsLaunchTests.swift */ = {isa = PBXFileReference; lastKnownFileType = sourcecode.swift; path = PokerGameUITestsLaunchTests.swift; sourceTree = "<group>"; };
		848FC3F8296704DC00329815 /* Pack.swift */ = {isa = PBXFileReference; lastKnownFileType = sourcecode.swift; path = Pack.swift; sourceTree = "<group>"; };
		848FC40A296705AF00329815 /* ApiDeckCard.swift */ = {isa = PBXFileReference; lastKnownFileType = sourcecode.swift; path = ApiDeckCard.swift; sourceTree = "<group>"; };
		84AF935429ACF874009987EA /* GoogleService-Info.plist */ = {isa = PBXFileReference; fileEncoding = 4; lastKnownFileType = text.plist.xml; path = "GoogleService-Info.plist"; sourceTree = "<group>"; };
		84B57D5B2969D13900198B90 /* HttpRequestHelper.swift */ = {isa = PBXFileReference; lastKnownFileType = sourcecode.swift; path = HttpRequestHelper.swift; sourceTree = "<group>"; };
		84C092D72996581500126807 /* Tools.swift */ = {isa = PBXFileReference; lastKnownFileType = sourcecode.swift; path = Tools.swift; sourceTree = "<group>"; };
/* End PBXFileReference section */

/* Begin PBXFrameworksBuildPhase section */
		848FC3B82966FE8B00329815 /* Frameworks */ = {
			isa = PBXFrameworksBuildPhase;
			buildActionMask = 2147483647;
			files = (
				84AF935029ACEC6D009987EA /* FirebaseDatabaseSwift in Frameworks */,
				84AF934E29ACEC6D009987EA /* FirebaseDatabase in Frameworks */,
				84AF934C29ACEC6D009987EA /* FirebaseAnalyticsSwift in Frameworks */,
				84AF934A29ACEC6D009987EA /* FirebaseAnalytics in Frameworks */,
			);
			runOnlyForDeploymentPostprocessing = 0;
		};
		848FC3D12966FE8C00329815 /* Frameworks */ = {
			isa = PBXFrameworksBuildPhase;
			buildActionMask = 2147483647;
			files = (
			);
			runOnlyForDeploymentPostprocessing = 0;
		};
		848FC3DB2966FE8C00329815 /* Frameworks */ = {
			isa = PBXFrameworksBuildPhase;
			buildActionMask = 2147483647;
			files = (
			);
			runOnlyForDeploymentPostprocessing = 0;
		};
/* End PBXFrameworksBuildPhase section */

/* Begin PBXGroup section */
		8444D2732993E52900854E69 /* Controller */ = {
			isa = PBXGroup;
			children = (
				844BD7DF2993F19700D597FD /* Main.storyboard */,
				8444D2742993E58000854E69 /* CarpetViewController.swift */,
			);
			path = Controller;
			sourceTree = "<group>";
		};
		8448CD4129A3CF5700EB6EF7 /* CollectionCell */ = {
			isa = PBXGroup;
			children = (
				8448CD4229A3CF8E00EB6EF7 /* CarpetCell.swift */,
				8448CD4329A3CF8E00EB6EF7 /* CarpetCell.xib */,
			);
			path = CollectionCell;
			sourceTree = "<group>";
		};
		848FC3B22966FE8B00329815 = {
			isa = PBXGroup;
			children = (
				848FC3BD2966FE8B00329815 /* PokerGame */,
				848FC3D72966FE8C00329815 /* PokerGameTests */,
				848FC3E12966FE8C00329815 /* PokerGameUITests */,
				848FC3BC2966FE8B00329815 /* Products */,
			);
			sourceTree = "<group>";
		};
		848FC3BC2966FE8B00329815 /* Products */ = {
			isa = PBXGroup;
			children = (
				848FC3BB2966FE8B00329815 /* PokerGame.app */,
				848FC3D42966FE8C00329815 /* PokerGameTests.xctest */,
				848FC3DE2966FE8C00329815 /* PokerGameUITests.xctest */,
			);
			name = Products;
			sourceTree = "<group>";
		};
		848FC3BD2966FE8B00329815 /* PokerGame */ = {
			isa = PBXGroup;
			children = (
				84C092D62996580300126807 /* Utils */,
				848FC3F2296702E200329815 /* Service */,
				84B57D5A2969D10500198B90 /* Helpers */,
				848FC3F42967041700329815 /* Model */,
				8444D2732993E52900854E69 /* Controller */,
				848FC3F62967043600329815 /* ViewModel */,
				848FC3F52967041E00329815 /* Extension */,
				848FC3BE2966FE8B00329815 /* AppDelegate.swift */,
				848FC3C02966FE8B00329815 /* SceneDelegate.swift */,
				848FC3CA2966FE8C00329815 /* Assets.xcassets */,
				848FC3CC2966FE8C00329815 /* LaunchScreen.storyboard */,
				84AF935429ACF874009987EA /* GoogleService-Info.plist */,
				848FC3CF2966FE8C00329815 /* Info.plist */,
				848FC3C72966FE8B00329815 /* PokerGame.xcdatamodeld */,
			);
			path = PokerGame;
			sourceTree = "<group>";
		};
		848FC3D72966FE8C00329815 /* PokerGameTests */ = {
			isa = PBXGroup;
			children = (
				848FC3D82966FE8C00329815 /* PokerGameTests.swift */,
			);
			path = PokerGameTests;
			sourceTree = "<group>";
		};
		848FC3E12966FE8C00329815 /* PokerGameUITests */ = {
			isa = PBXGroup;
			children = (
				848FC3E22966FE8C00329815 /* PokerGameUITests.swift */,
				848FC3E42966FE8C00329815 /* PokerGameUITestsLaunchTests.swift */,
			);
			path = PokerGameUITests;
			sourceTree = "<group>";
		};
		848FC3F2296702E200329815 /* Service */ = {
			isa = PBXGroup;
			children = (
				848FC40A296705AF00329815 /* ApiDeckCard.swift */,
				8448CD3F29A3CA4200EB6EF7 /* DeckServiceProtocol.swift */,
			);
			path = Service;
			sourceTree = "<group>";
		};
		848FC3F42967041700329815 /* Model */ = {
			isa = PBXGroup;
			children = (
				8407EA182993FBFB005DC779 /* Carpet.swift */,
				848FC3F8296704DC00329815 /* Pack.swift */,
				8430D48929A67629004A80C6 /* Deck.swift */,
			);
			path = Model;
			sourceTree = "<group>";
		};
		848FC3F52967041E00329815 /* Extension */ = {
			isa = PBXGroup;
			children = (
				8448CD4129A3CF5700EB6EF7 /* CollectionCell */,
			);
			path = Extension;
			sourceTree = "<group>";
		};
		848FC3F62967043600329815 /* ViewModel */ = {
			isa = PBXGroup;
			children = (
				8407EA1A2993FC11005DC779 /* CarpetViewModel.swift */,
			);
			path = ViewModel;
			sourceTree = "<group>";
		};
		84B57D5A2969D10500198B90 /* Helpers */ = {
			isa = PBXGroup;
			children = (
				84B57D5B2969D13900198B90 /* HttpRequestHelper.swift */,
			);
			path = Helpers;
			sourceTree = "<group>";
		};
		84C092D62996580300126807 /* Utils */ = {
			isa = PBXGroup;
			children = (
				8433108629AFAE9500179C59 /* VariableGlobal.swift */,
				84C092D72996581500126807 /* Tools.swift */,
				8430D48B29A67735004A80C6 /* DefautUser.swift */,
			);
			path = Utils;
			sourceTree = "<group>";
		};
/* End PBXGroup section */

/* Begin PBXNativeTarget section */
		848FC3BA2966FE8B00329815 /* PokerGame */ = {
			isa = PBXNativeTarget;
			buildConfigurationList = 848FC3E82966FE8C00329815 /* Build configuration list for PBXNativeTarget "PokerGame" */;
			buildPhases = (
				848FC3B72966FE8B00329815 /* Sources */,
				848FC3B82966FE8B00329815 /* Frameworks */,
				8444D27C2993EE5700854E69 /* Resources */,
			);
			buildRules = (
			);
			dependencies = (
			);
			name = PokerGame;
			packageProductDependencies = (
				84AF934929ACEC6D009987EA /* FirebaseAnalytics */,
				84AF934B29ACEC6D009987EA /* FirebaseAnalyticsSwift */,
				84AF934D29ACEC6D009987EA /* FirebaseDatabase */,
				84AF934F29ACEC6D009987EA /* FirebaseDatabaseSwift */,
			);
			productName = PokerGame;
			productReference = 848FC3BB2966FE8B00329815 /* PokerGame.app */;
			productType = "com.apple.product-type.application";
		};
		848FC3D32966FE8C00329815 /* PokerGameTests */ = {
			isa = PBXNativeTarget;
			buildConfigurationList = 848FC3EB2966FE8C00329815 /* Build configuration list for PBXNativeTarget "PokerGameTests" */;
			buildPhases = (
				848FC3D02966FE8C00329815 /* Sources */,
				848FC3D12966FE8C00329815 /* Frameworks */,
				848FC3D22966FE8C00329815 /* Resources */,
			);
			buildRules = (
			);
			dependencies = (
				848FC3D62966FE8C00329815 /* PBXTargetDependency */,
			);
			name = PokerGameTests;
			productName = PokerGameTests;
			productReference = 848FC3D42966FE8C00329815 /* PokerGameTests.xctest */;
			productType = "com.apple.product-type.bundle.unit-test";
		};
		848FC3DD2966FE8C00329815 /* PokerGameUITests */ = {
			isa = PBXNativeTarget;
			buildConfigurationList = 848FC3EE2966FE8C00329815 /* Build configuration list for PBXNativeTarget "PokerGameUITests" */;
			buildPhases = (
				848FC3DA2966FE8C00329815 /* Sources */,
				848FC3DB2966FE8C00329815 /* Frameworks */,
				848FC3DC2966FE8C00329815 /* Resources */,
			);
			buildRules = (
			);
			dependencies = (
				848FC3E02966FE8C00329815 /* PBXTargetDependency */,
			);
			name = PokerGameUITests;
			productName = PokerGameUITests;
			productReference = 848FC3DE2966FE8C00329815 /* PokerGameUITests.xctest */;
			productType = "com.apple.product-type.bundle.ui-testing";
		};
/* End PBXNativeTarget section */

/* Begin PBXProject section */
		848FC3B32966FE8B00329815 /* Project object */ = {
			isa = PBXProject;
			attributes = {
				BuildIndependentTargetsInParallel = 1;
				LastSwiftUpdateCheck = 1420;
				LastUpgradeCheck = 1420;
				TargetAttributes = {
					848FC3BA2966FE8B00329815 = {
						CreatedOnToolsVersion = 14.2;
					};
					848FC3D32966FE8C00329815 = {
						CreatedOnToolsVersion = 14.2;
						TestTargetID = 848FC3BA2966FE8B00329815;
					};
					848FC3DD2966FE8C00329815 = {
						CreatedOnToolsVersion = 14.2;
						TestTargetID = 848FC3BA2966FE8B00329815;
					};
				};
			};
			buildConfigurationList = 848FC3B62966FE8B00329815 /* Build configuration list for PBXProject "PokerGame" */;
			compatibilityVersion = "Xcode 14.0";
			developmentRegion = en;
			hasScannedForEncodings = 0;
			knownRegions = (
				en,
				Base,
			);
			mainGroup = 848FC3B22966FE8B00329815;
			packageReferences = (
				84AF934829ACEC6D009987EA /* XCRemoteSwiftPackageReference "firebase-ios-sdk" */,
			);
			productRefGroup = 848FC3BC2966FE8B00329815 /* Products */;
			projectDirPath = "";
			projectRoot = "";
			targets = (
				848FC3BA2966FE8B00329815 /* PokerGame */,
				848FC3D32966FE8C00329815 /* PokerGameTests */,
				848FC3DD2966FE8C00329815 /* PokerGameUITests */,
			);
		};
/* End PBXProject section */

/* Begin PBXResourcesBuildPhase section */
		8444D27C2993EE5700854E69 /* Resources */ = {
			isa = PBXResourcesBuildPhase;
			buildActionMask = 2147483647;
			files = (
				844BD7E12993F19700D597FD /* Main.storyboard in Resources */,
				8444D27F2993EE6400854E69 /* Assets.xcassets in Resources */,
				84AF935529ACF875009987EA /* GoogleService-Info.plist in Resources */,
				8444D2802993EE6400854E69 /* LaunchScreen.storyboard in Resources */,
				8448CD4529A3CF8E00EB6EF7 /* CarpetCell.xib in Resources */,
			);
			runOnlyForDeploymentPostprocessing = 0;
		};
		848FC3D22966FE8C00329815 /* Resources */ = {
			isa = PBXResourcesBuildPhase;
			buildActionMask = 2147483647;
			files = (
			);
			runOnlyForDeploymentPostprocessing = 0;
		};
		848FC3DC2966FE8C00329815 /* Resources */ = {
			isa = PBXResourcesBuildPhase;
			buildActionMask = 2147483647;
			files = (
			);
			runOnlyForDeploymentPostprocessing = 0;
		};
/* End PBXResourcesBuildPhase section */

/* Begin PBXSourcesBuildPhase section */
		848FC3B72966FE8B00329815 /* Sources */ = {
			isa = PBXSourcesBuildPhase;
			buildActionMask = 2147483647;
			files = (
				8430D48A29A67629004A80C6 /* Deck.swift in Sources */,
				848FC3C92966FE8B00329815 /* PokerGame.xcdatamodeld in Sources */,
				8407EA1B2993FC11005DC779 /* CarpetViewModel.swift in Sources */,
				8448CD4429A3CF8E00EB6EF7 /* CarpetCell.swift in Sources */,
				848FC40B296705AF00329815 /* ApiDeckCard.swift in Sources */,
				8444D2762993E58000854E69 /* CarpetViewController.swift in Sources */,
				8407EA192993FBFB005DC779 /* Carpet.swift in Sources */,
				84B57D5C2969D13900198B90 /* HttpRequestHelper.swift in Sources */,
				848FC3F9296704DC00329815 /* Pack.swift in Sources */,
				84C092D82996581500126807 /* Tools.swift in Sources */,
				8430D48C29A67735004A80C6 /* DefautUser.swift in Sources */,
				8433108729AFAE9500179C59 /* VariableGlobal.swift in Sources */,
				848FC3BF2966FE8B00329815 /* AppDelegate.swift in Sources */,
				8448CD4029A3CA4200EB6EF7 /* DeckServiceProtocol.swift in Sources */,
				848FC3C12966FE8B00329815 /* SceneDelegate.swift in Sources */,
			);
			runOnlyForDeploymentPostprocessing = 0;
		};
		848FC3D02966FE8C00329815 /* Sources */ = {
			isa = PBXSourcesBuildPhase;
			buildActionMask = 2147483647;
			files = (
				848FC3D92966FE8C00329815 /* PokerGameTests.swift in Sources */,
			);
			runOnlyForDeploymentPostprocessing = 0;
		};
		848FC3DA2966FE8C00329815 /* Sources */ = {
			isa = PBXSourcesBuildPhase;
			buildActionMask = 2147483647;
			files = (
				848FC3E52966FE8C00329815 /* PokerGameUITestsLaunchTests.swift in Sources */,
				848FC3E32966FE8C00329815 /* PokerGameUITests.swift in Sources */,
			);
			runOnlyForDeploymentPostprocessing = 0;
		};
/* End PBXSourcesBuildPhase section */

/* Begin PBXTargetDependency section */
		848FC3D62966FE8C00329815 /* PBXTargetDependency */ = {
			isa = PBXTargetDependency;
			target = 848FC3BA2966FE8B00329815 /* PokerGame */;
			targetProxy = 848FC3D52966FE8C00329815 /* PBXContainerItemProxy */;
		};
		848FC3E02966FE8C00329815 /* PBXTargetDependency */ = {
			isa = PBXTargetDependency;
			target = 848FC3BA2966FE8B00329815 /* PokerGame */;
			targetProxy = 848FC3DF2966FE8C00329815 /* PBXContainerItemProxy */;
		};
/* End PBXTargetDependency section */

/* Begin PBXVariantGroup section */
		844BD7DF2993F19700D597FD /* Main.storyboard */ = {
			isa = PBXVariantGroup;
			children = (
				844BD7E02993F19700D597FD /* Base */,
			);
			name = Main.storyboard;
			sourceTree = "<group>";
		};
		848FC3CC2966FE8C00329815 /* LaunchScreen.storyboard */ = {
			isa = PBXVariantGroup;
			children = (
				848FC3CD2966FE8C00329815 /* Base */,
			);
			name = LaunchScreen.storyboard;
			sourceTree = "<group>";
		};
/* End PBXVariantGroup section */

/* Begin XCBuildConfiguration section */
		848FC3E62966FE8C00329815 /* Debug */ = {
			isa = XCBuildConfiguration;
			buildSettings = {
				ALWAYS_SEARCH_USER_PATHS = NO;
				CLANG_ANALYZER_NONNULL = YES;
				CLANG_ANALYZER_NUMBER_OBJECT_CONVERSION = YES_AGGRESSIVE;
				CLANG_CXX_LANGUAGE_STANDARD = "gnu++20";
				CLANG_ENABLE_MODULES = YES;
				CLANG_ENABLE_OBJC_ARC = YES;
				CLANG_ENABLE_OBJC_WEAK = YES;
				CLANG_WARN_BLOCK_CAPTURE_AUTORELEASING = YES;
				CLANG_WARN_BOOL_CONVERSION = YES;
				CLANG_WARN_COMMA = YES;
				CLANG_WARN_CONSTANT_CONVERSION = YES;
				CLANG_WARN_DEPRECATED_OBJC_IMPLEMENTATIONS = YES;
				CLANG_WARN_DIRECT_OBJC_ISA_USAGE = YES_ERROR;
				CLANG_WARN_DOCUMENTATION_COMMENTS = YES;
				CLANG_WARN_EMPTY_BODY = YES;
				CLANG_WARN_ENUM_CONVERSION = YES;
				CLANG_WARN_INFINITE_RECURSION = YES;
				CLANG_WARN_INT_CONVERSION = YES;
				CLANG_WARN_NON_LITERAL_NULL_CONVERSION = YES;
				CLANG_WARN_OBJC_IMPLICIT_RETAIN_SELF = YES;
				CLANG_WARN_OBJC_LITERAL_CONVERSION = YES;
				CLANG_WARN_OBJC_ROOT_CLASS = YES_ERROR;
				CLANG_WARN_QUOTED_INCLUDE_IN_FRAMEWORK_HEADER = YES;
				CLANG_WARN_RANGE_LOOP_ANALYSIS = YES;
				CLANG_WARN_STRICT_PROTOTYPES = YES;
				CLANG_WARN_SUSPICIOUS_MOVE = YES;
				CLANG_WARN_UNGUARDED_AVAILABILITY = YES_AGGRESSIVE;
				CLANG_WARN_UNREACHABLE_CODE = YES;
				CLANG_WARN__DUPLICATE_METHOD_MATCH = YES;
				COPY_PHASE_STRIP = NO;
				DEBUG_INFORMATION_FORMAT = dwarf;
				ENABLE_STRICT_OBJC_MSGSEND = YES;
				ENABLE_TESTABILITY = YES;
				GCC_C_LANGUAGE_STANDARD = gnu11;
				GCC_DYNAMIC_NO_PIC = NO;
				GCC_NO_COMMON_BLOCKS = YES;
				GCC_OPTIMIZATION_LEVEL = 0;
				GCC_PREPROCESSOR_DEFINITIONS = (
					"DEBUG=1",
					"$(inherited)",
				);
				GCC_WARN_64_TO_32_BIT_CONVERSION = YES;
				GCC_WARN_ABOUT_RETURN_TYPE = YES_ERROR;
				GCC_WARN_UNDECLARED_SELECTOR = YES;
				GCC_WARN_UNINITIALIZED_AUTOS = YES_AGGRESSIVE;
				GCC_WARN_UNUSED_FUNCTION = YES;
				GCC_WARN_UNUSED_VARIABLE = YES;
				IPHONEOS_DEPLOYMENT_TARGET = 16.2;
				MTL_ENABLE_DEBUG_INFO = INCLUDE_SOURCE;
				MTL_FAST_MATH = YES;
				ONLY_ACTIVE_ARCH = YES;
				SDKROOT = iphoneos;
				SWIFT_ACTIVE_COMPILATION_CONDITIONS = DEBUG;
				SWIFT_OPTIMIZATION_LEVEL = "-Onone";
			};
			name = Debug;
		};
		848FC3E72966FE8C00329815 /* Release */ = {
			isa = XCBuildConfiguration;
			buildSettings = {
				ALWAYS_SEARCH_USER_PATHS = NO;
				CLANG_ANALYZER_NONNULL = YES;
				CLANG_ANALYZER_NUMBER_OBJECT_CONVERSION = YES_AGGRESSIVE;
				CLANG_CXX_LANGUAGE_STANDARD = "gnu++20";
				CLANG_ENABLE_MODULES = YES;
				CLANG_ENABLE_OBJC_ARC = YES;
				CLANG_ENABLE_OBJC_WEAK = YES;
				CLANG_WARN_BLOCK_CAPTURE_AUTORELEASING = YES;
				CLANG_WARN_BOOL_CONVERSION = YES;
				CLANG_WARN_COMMA = YES;
				CLANG_WARN_CONSTANT_CONVERSION = YES;
				CLANG_WARN_DEPRECATED_OBJC_IMPLEMENTATIONS = YES;
				CLANG_WARN_DIRECT_OBJC_ISA_USAGE = YES_ERROR;
				CLANG_WARN_DOCUMENTATION_COMMENTS = YES;
				CLANG_WARN_EMPTY_BODY = YES;
				CLANG_WARN_ENUM_CONVERSION = YES;
				CLANG_WARN_INFINITE_RECURSION = YES;
				CLANG_WARN_INT_CONVERSION = YES;
				CLANG_WARN_NON_LITERAL_NULL_CONVERSION = YES;
				CLANG_WARN_OBJC_IMPLICIT_RETAIN_SELF = YES;
				CLANG_WARN_OBJC_LITERAL_CONVERSION = YES;
				CLANG_WARN_OBJC_ROOT_CLASS = YES_ERROR;
				CLANG_WARN_QUOTED_INCLUDE_IN_FRAMEWORK_HEADER = YES;
				CLANG_WARN_RANGE_LOOP_ANALYSIS = YES;
				CLANG_WARN_STRICT_PROTOTYPES = YES;
				CLANG_WARN_SUSPICIOUS_MOVE = YES;
				CLANG_WARN_UNGUARDED_AVAILABILITY = YES_AGGRESSIVE;
				CLANG_WARN_UNREACHABLE_CODE = YES;
				CLANG_WARN__DUPLICATE_METHOD_MATCH = YES;
				COPY_PHASE_STRIP = NO;
				DEBUG_INFORMATION_FORMAT = "dwarf-with-dsym";
				ENABLE_NS_ASSERTIONS = NO;
				ENABLE_STRICT_OBJC_MSGSEND = YES;
				GCC_C_LANGUAGE_STANDARD = gnu11;
				GCC_NO_COMMON_BLOCKS = YES;
				GCC_WARN_64_TO_32_BIT_CONVERSION = YES;
				GCC_WARN_ABOUT_RETURN_TYPE = YES_ERROR;
				GCC_WARN_UNDECLARED_SELECTOR = YES;
				GCC_WARN_UNINITIALIZED_AUTOS = YES_AGGRESSIVE;
				GCC_WARN_UNUSED_FUNCTION = YES;
				GCC_WARN_UNUSED_VARIABLE = YES;
				IPHONEOS_DEPLOYMENT_TARGET = 16.2;
				MTL_ENABLE_DEBUG_INFO = NO;
				MTL_FAST_MATH = YES;
				SDKROOT = iphoneos;
				SWIFT_COMPILATION_MODE = wholemodule;
				SWIFT_OPTIMIZATION_LEVEL = "-O";
				VALIDATE_PRODUCT = YES;
			};
			name = Release;
		};
		848FC3E92966FE8C00329815 /* Debug */ = {
			isa = XCBuildConfiguration;
			buildSettings = {
				ASSETCATALOG_COMPILER_APPICON_NAME = AppIcon;
				ASSETCATALOG_COMPILER_GLOBAL_ACCENT_COLOR_NAME = AccentColor;
				CODE_SIGN_STYLE = Automatic;
				CURRENT_PROJECT_VERSION = 1;
				GENERATE_INFOPLIST_FILE = YES;
				INFOPLIST_FILE = PokerGame/Info.plist;
				INFOPLIST_KEY_CFBundleDisplayName = PokerGame;
				INFOPLIST_KEY_LSApplicationCategoryType = "public.app-category.casino-games";
				INFOPLIST_KEY_UIApplicationSupportsIndirectInputEvents = YES;
				INFOPLIST_KEY_UILaunchStoryboardName = LaunchScreen;
				INFOPLIST_KEY_UIMainStoryboardFile = Main;
				INFOPLIST_KEY_UIStatusBarStyle = "";
				INFOPLIST_KEY_UISupportedInterfaceOrientations_iPad = "UIInterfaceOrientationPortrait UIInterfaceOrientationPortraitUpsideDown UIInterfaceOrientationLandscapeLeft UIInterfaceOrientationLandscapeRight";
				INFOPLIST_KEY_UISupportedInterfaceOrientations_iPhone = "UIInterfaceOrientationPortrait UIInterfaceOrientationLandscapeLeft UIInterfaceOrientationLandscapeRight";
				LD_RUNPATH_SEARCH_PATHS = (
					"$(inherited)",
					"@executable_path/Frameworks",
				);
				MARKETING_VERSION = 1.0;
				PRODUCT_BUNDLE_IDENTIFIER = com.development.tawfiq.PokerGame;
				PRODUCT_NAME = "$(TARGET_NAME)";
				SWIFT_EMIT_LOC_STRINGS = YES;
				SWIFT_VERSION = 5.0;
				TARGETED_DEVICE_FAMILY = "1,2";
			};
			name = Debug;
		};
		848FC3EA2966FE8C00329815 /* Release */ = {
			isa = XCBuildConfiguration;
			buildSettings = {
				ASSETCATALOG_COMPILER_APPICON_NAME = AppIcon;
				ASSETCATALOG_COMPILER_GLOBAL_ACCENT_COLOR_NAME = AccentColor;
				CODE_SIGN_STYLE = Automatic;
				CURRENT_PROJECT_VERSION = 1;
				GENERATE_INFOPLIST_FILE = YES;
				INFOPLIST_FILE = PokerGame/Info.plist;
				INFOPLIST_KEY_CFBundleDisplayName = PokerGame;
				INFOPLIST_KEY_LSApplicationCategoryType = "public.app-category.casino-games";
				INFOPLIST_KEY_UIApplicationSupportsIndirectInputEvents = YES;
				INFOPLIST_KEY_UILaunchStoryboardName = LaunchScreen;
				INFOPLIST_KEY_UIMainStoryboardFile = Main;
				INFOPLIST_KEY_UIStatusBarStyle = "";
				INFOPLIST_KEY_UISupportedInterfaceOrientations_iPad = "UIInterfaceOrientationPortrait UIInterfaceOrientationPortraitUpsideDown UIInterfaceOrientationLandscapeLeft UIInterfaceOrientationLandscapeRight";
				INFOPLIST_KEY_UISupportedInterfaceOrientations_iPhone = "UIInterfaceOrientationPortrait UIInterfaceOrientationLandscapeLeft UIInterfaceOrientationLandscapeRight";
				LD_RUNPATH_SEARCH_PATHS = (
					"$(inherited)",
					"@executable_path/Frameworks",
				);
				MARKETING_VERSION = 1.0;
				PRODUCT_BUNDLE_IDENTIFIER = com.development.tawfiq.PokerGame;
				PRODUCT_NAME = "$(TARGET_NAME)";
				SWIFT_EMIT_LOC_STRINGS = YES;
				SWIFT_VERSION = 5.0;
				TARGETED_DEVICE_FAMILY = "1,2";
			};
			name = Release;
		};
		848FC3EC2966FE8C00329815 /* Debug */ = {
			isa = XCBuildConfiguration;
			buildSettings = {
				ALWAYS_EMBED_SWIFT_STANDARD_LIBRARIES = YES;
				BUNDLE_LOADER = "$(TEST_HOST)";
				CODE_SIGN_STYLE = Automatic;
				CURRENT_PROJECT_VERSION = 1;
				GENERATE_INFOPLIST_FILE = YES;
				IPHONEOS_DEPLOYMENT_TARGET = 16.2;
				MARKETING_VERSION = 1.0;
				PRODUCT_BUNDLE_IDENTIFIER = com.development.tawfiq.PokerGameTests;
				PRODUCT_NAME = "$(TARGET_NAME)";
				SWIFT_EMIT_LOC_STRINGS = NO;
				SWIFT_VERSION = 5.0;
				TARGETED_DEVICE_FAMILY = "1,2";
				TEST_HOST = "$(BUILT_PRODUCTS_DIR)/PokerGame.app/$(BUNDLE_EXECUTABLE_FOLDER_PATH)/PokerGame";
			};
			name = Debug;
		};
		848FC3ED2966FE8C00329815 /* Release */ = {
			isa = XCBuildConfiguration;
			buildSettings = {
				ALWAYS_EMBED_SWIFT_STANDARD_LIBRARIES = YES;
				BUNDLE_LOADER = "$(TEST_HOST)";
				CODE_SIGN_STYLE = Automatic;
				CURRENT_PROJECT_VERSION = 1;
				GENERATE_INFOPLIST_FILE = YES;
				IPHONEOS_DEPLOYMENT_TARGET = 16.2;
				MARKETING_VERSION = 1.0;
				PRODUCT_BUNDLE_IDENTIFIER = com.development.tawfiq.PokerGameTests;
				PRODUCT_NAME = "$(TARGET_NAME)";
				SWIFT_EMIT_LOC_STRINGS = NO;
				SWIFT_VERSION = 5.0;
				TARGETED_DEVICE_FAMILY = "1,2";
				TEST_HOST = "$(BUILT_PRODUCTS_DIR)/PokerGame.app/$(BUNDLE_EXECUTABLE_FOLDER_PATH)/PokerGame";
			};
			name = Release;
		};
		848FC3EF2966FE8C00329815 /* Debug */ = {
			isa = XCBuildConfiguration;
			buildSettings = {
				ALWAYS_EMBED_SWIFT_STANDARD_LIBRARIES = YES;
				CODE_SIGN_STYLE = Automatic;
				CURRENT_PROJECT_VERSION = 1;
				GENERATE_INFOPLIST_FILE = YES;
				MARKETING_VERSION = 1.0;
				PRODUCT_BUNDLE_IDENTIFIER = com.development.tawfiq.PokerGameUITests;
				PRODUCT_NAME = "$(TARGET_NAME)";
				SWIFT_EMIT_LOC_STRINGS = NO;
				SWIFT_VERSION = 5.0;
				TARGETED_DEVICE_FAMILY = "1,2";
				TEST_TARGET_NAME = PokerGame;
			};
			name = Debug;
		};
		848FC3F02966FE8C00329815 /* Release */ = {
			isa = XCBuildConfiguration;
			buildSettings = {
				ALWAYS_EMBED_SWIFT_STANDARD_LIBRARIES = YES;
				CODE_SIGN_STYLE = Automatic;
				CURRENT_PROJECT_VERSION = 1;
				GENERATE_INFOPLIST_FILE = YES;
				MARKETING_VERSION = 1.0;
				PRODUCT_BUNDLE_IDENTIFIER = com.development.tawfiq.PokerGameUITests;
				PRODUCT_NAME = "$(TARGET_NAME)";
				SWIFT_EMIT_LOC_STRINGS = NO;
				SWIFT_VERSION = 5.0;
				TARGETED_DEVICE_FAMILY = "1,2";
				TEST_TARGET_NAME = PokerGame;
			};
			name = Release;
		};
/* End XCBuildConfiguration section */

/* Begin XCConfigurationList section */
		848FC3B62966FE8B00329815 /* Build configuration list for PBXProject "PokerGame" */ = {
			isa = XCConfigurationList;
			buildConfigurations = (
				848FC3E62966FE8C00329815 /* Debug */,
				848FC3E72966FE8C00329815 /* Release */,
			);
			defaultConfigurationIsVisible = 0;
			defaultConfigurationName = Release;
		};
		848FC3E82966FE8C00329815 /* Build configuration list for PBXNativeTarget "PokerGame" */ = {
			isa = XCConfigurationList;
			buildConfigurations = (
				848FC3E92966FE8C00329815 /* Debug */,
				848FC3EA2966FE8C00329815 /* Release */,
			);
			defaultConfigurationIsVisible = 0;
			defaultConfigurationName = Release;
		};
		848FC3EB2966FE8C00329815 /* Build configuration list for PBXNativeTarget "PokerGameTests" */ = {
			isa = XCConfigurationList;
			buildConfigurations = (
				848FC3EC2966FE8C00329815 /* Debug */,
				848FC3ED2966FE8C00329815 /* Release */,
			);
			defaultConfigurationIsVisible = 0;
			defaultConfigurationName = Release;
		};
		848FC3EE2966FE8C00329815 /* Build configuration list for PBXNativeTarget "PokerGameUITests" */ = {
			isa = XCConfigurationList;
			buildConfigurations = (
				848FC3EF2966FE8C00329815 /* Debug */,
				848FC3F02966FE8C00329815 /* Release */,
			);
			defaultConfigurationIsVisible = 0;
			defaultConfigurationName = Release;
		};
/* End XCConfigurationList section */

/* Begin XCRemoteSwiftPackageReference section */
		84AF934829ACEC6D009987EA /* XCRemoteSwiftPackageReference "firebase-ios-sdk" */ = {
			isa = XCRemoteSwiftPackageReference;
			repositoryURL = "https://github.com/firebase/firebase-ios-sdk";
			requirement = {
				kind = upToNextMajorVersion;
				minimumVersion = 9.0.0;
			};
		};
/* End XCRemoteSwiftPackageReference section */

/* Begin XCSwiftPackageProductDependency section */
		84AF934929ACEC6D009987EA /* FirebaseAnalytics */ = {
			isa = XCSwiftPackageProductDependency;
			package = 84AF934829ACEC6D009987EA /* XCRemoteSwiftPackageReference "firebase-ios-sdk" */;
			productName = FirebaseAnalytics;
		};
		84AF934B29ACEC6D009987EA /* FirebaseAnalyticsSwift */ = {
			isa = XCSwiftPackageProductDependency;
			package = 84AF934829ACEC6D009987EA /* XCRemoteSwiftPackageReference "firebase-ios-sdk" */;
			productName = FirebaseAnalyticsSwift;
		};
		84AF934D29ACEC6D009987EA /* FirebaseDatabase */ = {
			isa = XCSwiftPackageProductDependency;
			package = 84AF934829ACEC6D009987EA /* XCRemoteSwiftPackageReference "firebase-ios-sdk" */;
			productName = FirebaseDatabase;
		};
		84AF934F29ACEC6D009987EA /* FirebaseDatabaseSwift */ = {
			isa = XCSwiftPackageProductDependency;
			package = 84AF934829ACEC6D009987EA /* XCRemoteSwiftPackageReference "firebase-ios-sdk" */;
			productName = FirebaseDatabaseSwift;
		};
/* End XCSwiftPackageProductDependency section */

/* Begin XCVersionGroup section */
		848FC3C72966FE8B00329815 /* PokerGame.xcdatamodeld */ = {
			isa = XCVersionGroup;
			children = (
				848FC3C82966FE8B00329815 /* PokerGame.xcdatamodel */,
			);
			currentVersion = 848FC3C82966FE8B00329815 /* PokerGame.xcdatamodel */;
			path = PokerGame.xcdatamodeld;
			sourceTree = "<group>";
			versionGroupType = wrapper.xcdatamodel;
		};
/* End XCVersionGroup section */
	};
	rootObject = 848FC3B32966FE8B00329815 /* Project object */;
}
